// !$*UTF8*$!
{
	archiveVersion = 1;
	classes = {
	};
	objectVersion = 51;
	objects = {

/* Begin PBXBuildFile section */
		7E3405FE24F5690A00BE3AA3 /* MultilineTextField.swift in Sources */ = {isa = PBXBuildFile; fileRef = 7E3405FD24F5690A00BE3AA3 /* MultilineTextField.swift */; };
		7E34060024F5A50A00BE3AA3 /* RecordsListView.swift in Sources */ = {isa = PBXBuildFile; fileRef = 7E3405FF24F5A50A00BE3AA3 /* RecordsListView.swift */; };
		7E483EC22515692800FF8B6F /* dict.txt in Resources */ = {isa = PBXBuildFile; fileRef = 7E483EC02515692800FF8B6F /* dict.txt */; };
		7E483EC32515692800FF8B6F /* model.tflite in Resources */ = {isa = PBXBuildFile; fileRef = 7E483EC12515692800FF8B6F /* model.tflite */; };
		7E8B589425178D2E00D158F7 /* ModelInference.swift in Sources */ = {isa = PBXBuildFile; fileRef = 7E8B589325178D2E00D158F7 /* ModelInference.swift */; };
		7E8B589C2517B8AF00D158F7 /* genero.tflite in Resources */ = {isa = PBXBuildFile; fileRef = 7E8B589A2517B8AE00D158F7 /* genero.tflite */; };
		7E8B589D2517B8AF00D158F7 /* generodict.txt in Resources */ = {isa = PBXBuildFile; fileRef = 7E8B589B2517B8AF00D158F7 /* generodict.txt */; };
		7EACEF3724E6C41E00D9715A /* AppDelegate.swift in Sources */ = {isa = PBXBuildFile; fileRef = 7EACEF3624E6C41E00D9715A /* AppDelegate.swift */; };
		7EACEF3924E6C41E00D9715A /* SceneDelegate.swift in Sources */ = {isa = PBXBuildFile; fileRef = 7EACEF3824E6C41E00D9715A /* SceneDelegate.swift */; };
		7EACEF3B24E6C41E00D9715A /* AppView.swift in Sources */ = {isa = PBXBuildFile; fileRef = 7EACEF3A24E6C41E00D9715A /* AppView.swift */; };
		7EACEF3D24E6C42200D9715A /* Assets.xcassets in Resources */ = {isa = PBXBuildFile; fileRef = 7EACEF3C24E6C42200D9715A /* Assets.xcassets */; };
		7EACEF4024E6C42200D9715A /* Preview Assets.xcassets in Resources */ = {isa = PBXBuildFile; fileRef = 7EACEF3F24E6C42200D9715A /* Preview Assets.xcassets */; };
		7EACEF4324E6C42200D9715A /* LaunchScreen.storyboard in Resources */ = {isa = PBXBuildFile; fileRef = 7EACEF4124E6C42200D9715A /* LaunchScreen.storyboard */; };
		7EACEF4B24E6C46000D9715A /* Observation.swift in Sources */ = {isa = PBXBuildFile; fileRef = 7EACEF4A24E6C46000D9715A /* Observation.swift */; };
		7EACEF4D24E6C59500D9715A /* ObservationRecords.swift in Sources */ = {isa = PBXBuildFile; fileRef = 7EACEF4C24E6C59500D9715A /* ObservationRecords.swift */; };
		7EACEF4F24E6D02800D9715A /* ClassificationView.swift in Sources */ = {isa = PBXBuildFile; fileRef = 7EACEF4E24E6D02800D9715A /* ClassificationView.swift */; };
		7EACEF5424E6E61B00D9715A /* ObservationDetails.swift in Sources */ = {isa = PBXBuildFile; fileRef = 7EACEF5324E6E61B00D9715A /* ObservationDetails.swift */; };
		7EACEF5824E6F70F00D9715A /* mockData.json in Resources */ = {isa = PBXBuildFile; fileRef = 7EACEF5724E6F70F00D9715A /* mockData.json */; };
		7EACEF5B24E6F95F00D9715A /* aglais_io.jpg in Resources */ = {isa = PBXBuildFile; fileRef = 7EACEF5A24E6F95F00D9715A /* aglais_io.jpg */; };
		7EACEF5D24E6F9DB00D9715A /* vanessa_atalanta.jpg in Resources */ = {isa = PBXBuildFile; fileRef = 7EACEF5C24E6F9DB00D9715A /* vanessa_atalanta.jpg */; };
		7EACEF5F24E6FA1500D9715A /* pieris_napi.jpg in Resources */ = {isa = PBXBuildFile; fileRef = 7EACEF5E24E6FA1500D9715A /* pieris_napi.jpg */; };
		7EACEF6224E707DC00D9715A /* Data.swift in Sources */ = {isa = PBXBuildFile; fileRef = 7EACEF6124E707DC00D9715A /* Data.swift */; };
		7EACEF6424E88EAF00D9715A /* ConfidenceCircleResults.swift in Sources */ = {isa = PBXBuildFile; fileRef = 7EACEF6324E88EAF00D9715A /* ConfidenceCircleResults.swift */; };
		7EACEF6624E94C4F00D9715A /* ObservationImage.swift in Sources */ = {isa = PBXBuildFile; fileRef = 7EACEF6524E94C4F00D9715A /* ObservationImage.swift */; };
		7EACEF6824E94CD500D9715A /* ObservationActionButtons.swift in Sources */ = {isa = PBXBuildFile; fileRef = 7EACEF6724E94CD500D9715A /* ObservationActionButtons.swift */; };
		7EACEF6A24E94F4500D9715A /* MapView.swift in Sources */ = {isa = PBXBuildFile; fileRef = 7EACEF6924E94F4500D9715A /* MapView.swift */; };
		7EACEF6C24E956FA00D9715A /* DetailsSheet.swift in Sources */ = {isa = PBXBuildFile; fileRef = 7EACEF6B24E956FA00D9715A /* DetailsSheet.swift */; };
		7EACEF6E24E99D2C00D9715A /* ObservationNoteSheet.swift in Sources */ = {isa = PBXBuildFile; fileRef = 7EACEF6D24E99D2C00D9715A /* ObservationNoteSheet.swift */; };
		7EACEF7024E9A4DE00D9715A /* DetailField.swift in Sources */ = {isa = PBXBuildFile; fileRef = 7EACEF6F24E9A4DE00D9715A /* DetailField.swift */; };
		7EC9DD9C24FD7B14005F110A /* RectangleButton.swift in Sources */ = {isa = PBXBuildFile; fileRef = 7EC9DD9B24FD7B14005F110A /* RectangleButton.swift */; };
		7EDB974525114A1B00211118 /* SheetImagePicker.swift in Sources */ = {isa = PBXBuildFile; fileRef = 7EDB974425114A1B00211118 /* SheetImagePicker.swift */; };
		7EDB974C25114F2F00211118 /* Classification.swift in Sources */ = {isa = PBXBuildFile; fileRef = 7EDB974B25114F2F00211118 /* Classification.swift */; };
		7EDC07F22504FDE000058033 /* NewClassificationController.swift in Sources */ = {isa = PBXBuildFile; fileRef = 7EDC07F12504FDE000058033 /* NewClassificationController.swift */; };
		7EDC07F42505076F00058033 /* ImagePickeriOS13.swift in Sources */ = {isa = PBXBuildFile; fileRef = 7EDC07F32505076F00058033 /* ImagePickeriOS13.swift */; };
		7EDC07F6250533F200058033 /* ImageToClassifyPlaceholder.swift in Sources */ = {isa = PBXBuildFile; fileRef = 7EDC07F5250533F200058033 /* ImageToClassifyPlaceholder.swift */; };
		CF16BDE825276C2C004E9D9D /* ShareSheet.swift in Sources */ = {isa = PBXBuildFile; fileRef = CF16BDE725276C2C004E9D9D /* ShareSheet.swift */; };
		CF9892D1252205EF003BF22C /* Settings.swift in Sources */ = {isa = PBXBuildFile; fileRef = CF9892D0252205EF003BF22C /* Settings.swift */; };
		CFA1D631251F9DE00066064C /* ImagePicker_iOS14.swift in Sources */ = {isa = PBXBuildFile; fileRef = CFA1D630251F9DE00066064C /* ImagePicker_iOS14.swift */; };
		CFC50E5C252A23B100217E68 /* CoreDataModel.xcdatamodeld in Sources */ = {isa = PBXBuildFile; fileRef = CFC50E5A252A23B100217E68 /* CoreDataModel.xcdatamodeld */; };
		CFC7289B252129AE0047631D /* LimitedLibraryPicker.swift in Sources */ = {isa = PBXBuildFile; fileRef = CFC7289A252129AE0047631D /* LimitedLibraryPicker.swift */; };
		CFC728AE2521F9350047631D /* UserLocation.swift in Sources */ = {isa = PBXBuildFile; fileRef = CFC728AD2521F9350047631D /* UserLocation.swift */; };
		CFD122072526279900895E47 /* SendEmailSheet.swift in Sources */ = {isa = PBXBuildFile; fileRef = CFD122062526279900895E47 /* SendEmailSheet.swift */; };
		CFE5673925251A9100C9D341 /* PrivacyPolicyScreen.swift in Sources */ = {isa = PBXBuildFile; fileRef = CFE5673825251A9100C9D341 /* PrivacyPolicyScreen.swift */; };
		D842820BDAF07B742513D5DF /* Pods_Lepidoptera.framework in Frameworks */ = {isa = PBXBuildFile; fileRef = 52382BDB4870F4E9916FD45F /* Pods_Lepidoptera.framework */; };
/* End PBXBuildFile section */

/* Begin PBXFileReference section */
		4153244D043E2EB76FBF4703 /* Pods-Lepidoptera.release.xcconfig */ = {isa = PBXFileReference; includeInIndex = 1; lastKnownFileType = text.xcconfig; name = "Pods-Lepidoptera.release.xcconfig"; path = "Target Support Files/Pods-Lepidoptera/Pods-Lepidoptera.release.xcconfig"; sourceTree = "<group>"; };
		52382BDB4870F4E9916FD45F /* Pods_Lepidoptera.framework */ = {isa = PBXFileReference; explicitFileType = wrapper.framework; includeInIndex = 0; path = Pods_Lepidoptera.framework; sourceTree = BUILT_PRODUCTS_DIR; };
		7E3405FD24F5690A00BE3AA3 /* MultilineTextField.swift */ = {isa = PBXFileReference; lastKnownFileType = sourcecode.swift; path = MultilineTextField.swift; sourceTree = "<group>"; };
		7E3405FF24F5A50A00BE3AA3 /* RecordsListView.swift */ = {isa = PBXFileReference; lastKnownFileType = sourcecode.swift; path = RecordsListView.swift; sourceTree = "<group>"; };
		7E483EC02515692800FF8B6F /* dict.txt */ = {isa = PBXFileReference; fileEncoding = 4; lastKnownFileType = text; path = dict.txt; sourceTree = "<group>"; };
		7E483EC12515692800FF8B6F /* model.tflite */ = {isa = PBXFileReference; lastKnownFileType = file; path = model.tflite; sourceTree = "<group>"; };
		7E8B589325178D2E00D158F7 /* ModelInference.swift */ = {isa = PBXFileReference; lastKnownFileType = sourcecode.swift; path = ModelInference.swift; sourceTree = "<group>"; };
		7E8B589A2517B8AE00D158F7 /* genero.tflite */ = {isa = PBXFileReference; lastKnownFileType = file; path = genero.tflite; sourceTree = "<group>"; };
		7E8B589B2517B8AF00D158F7 /* generodict.txt */ = {isa = PBXFileReference; fileEncoding = 4; lastKnownFileType = text; path = generodict.txt; sourceTree = "<group>"; };
		7EACEF3324E6C41E00D9715A /* Lepidoptera.app */ = {isa = PBXFileReference; explicitFileType = wrapper.application; includeInIndex = 0; path = Lepidoptera.app; sourceTree = BUILT_PRODUCTS_DIR; };
		7EACEF3624E6C41E00D9715A /* AppDelegate.swift */ = {isa = PBXFileReference; lastKnownFileType = sourcecode.swift; path = AppDelegate.swift; sourceTree = "<group>"; };
		7EACEF3824E6C41E00D9715A /* SceneDelegate.swift */ = {isa = PBXFileReference; lastKnownFileType = sourcecode.swift; path = SceneDelegate.swift; sourceTree = "<group>"; };
		7EACEF3A24E6C41E00D9715A /* AppView.swift */ = {isa = PBXFileReference; lastKnownFileType = sourcecode.swift; path = AppView.swift; sourceTree = "<group>"; };
		7EACEF3C24E6C42200D9715A /* Assets.xcassets */ = {isa = PBXFileReference; lastKnownFileType = folder.assetcatalog; path = Assets.xcassets; sourceTree = "<group>"; };
		7EACEF3F24E6C42200D9715A /* Preview Assets.xcassets */ = {isa = PBXFileReference; lastKnownFileType = folder.assetcatalog; path = "Preview Assets.xcassets"; sourceTree = "<group>"; };
		7EACEF4224E6C42200D9715A /* Base */ = {isa = PBXFileReference; lastKnownFileType = file.storyboard; name = Base; path = Base.lproj/LaunchScreen.storyboard; sourceTree = "<group>"; };
		7EACEF4424E6C42200D9715A /* Info.plist */ = {isa = PBXFileReference; lastKnownFileType = text.plist.xml; path = Info.plist; sourceTree = "<group>"; };
		7EACEF4A24E6C46000D9715A /* Observation.swift */ = {isa = PBXFileReference; lastKnownFileType = sourcecode.swift; path = Observation.swift; sourceTree = "<group>"; };
		7EACEF4C24E6C59500D9715A /* ObservationRecords.swift */ = {isa = PBXFileReference; lastKnownFileType = sourcecode.swift; path = ObservationRecords.swift; sourceTree = "<group>"; };
		7EACEF4E24E6D02800D9715A /* ClassificationView.swift */ = {isa = PBXFileReference; lastKnownFileType = sourcecode.swift; path = ClassificationView.swift; sourceTree = "<group>"; };
		7EACEF5324E6E61B00D9715A /* ObservationDetails.swift */ = {isa = PBXFileReference; lastKnownFileType = sourcecode.swift; path = ObservationDetails.swift; sourceTree = "<group>"; };
		7EACEF5724E6F70F00D9715A /* mockData.json */ = {isa = PBXFileReference; lastKnownFileType = text.json; path = mockData.json; sourceTree = "<group>"; };
		7EACEF5A24E6F95F00D9715A /* aglais_io.jpg */ = {isa = PBXFileReference; lastKnownFileType = image.jpeg; path = aglais_io.jpg; sourceTree = "<group>"; };
		7EACEF5C24E6F9DB00D9715A /* vanessa_atalanta.jpg */ = {isa = PBXFileReference; lastKnownFileType = image.jpeg; path = vanessa_atalanta.jpg; sourceTree = "<group>"; };
		7EACEF5E24E6FA1500D9715A /* pieris_napi.jpg */ = {isa = PBXFileReference; lastKnownFileType = image.jpeg; path = pieris_napi.jpg; sourceTree = "<group>"; };
		7EACEF6124E707DC00D9715A /* Data.swift */ = {isa = PBXFileReference; lastKnownFileType = sourcecode.swift; path = Data.swift; sourceTree = "<group>"; };
		7EACEF6324E88EAF00D9715A /* ConfidenceCircleResults.swift */ = {isa = PBXFileReference; lastKnownFileType = sourcecode.swift; path = ConfidenceCircleResults.swift; sourceTree = "<group>"; };
		7EACEF6524E94C4F00D9715A /* ObservationImage.swift */ = {isa = PBXFileReference; lastKnownFileType = sourcecode.swift; path = ObservationImage.swift; sourceTree = "<group>"; };
		7EACEF6724E94CD500D9715A /* ObservationActionButtons.swift */ = {isa = PBXFileReference; lastKnownFileType = sourcecode.swift; path = ObservationActionButtons.swift; sourceTree = "<group>"; };
		7EACEF6924E94F4500D9715A /* MapView.swift */ = {isa = PBXFileReference; lastKnownFileType = sourcecode.swift; path = MapView.swift; sourceTree = "<group>"; };
		7EACEF6B24E956FA00D9715A /* DetailsSheet.swift */ = {isa = PBXFileReference; lastKnownFileType = sourcecode.swift; path = DetailsSheet.swift; sourceTree = "<group>"; };
		7EACEF6D24E99D2C00D9715A /* ObservationNoteSheet.swift */ = {isa = PBXFileReference; lastKnownFileType = sourcecode.swift; path = ObservationNoteSheet.swift; sourceTree = "<group>"; };
		7EACEF6F24E9A4DE00D9715A /* DetailField.swift */ = {isa = PBXFileReference; lastKnownFileType = sourcecode.swift; path = DetailField.swift; sourceTree = "<group>"; };
		7EC9DD9B24FD7B14005F110A /* RectangleButton.swift */ = {isa = PBXFileReference; lastKnownFileType = sourcecode.swift; path = RectangleButton.swift; sourceTree = "<group>"; };
		7EDB974425114A1B00211118 /* SheetImagePicker.swift */ = {isa = PBXFileReference; lastKnownFileType = sourcecode.swift; path = SheetImagePicker.swift; sourceTree = "<group>"; };
		7EDB974B25114F2F00211118 /* Classification.swift */ = {isa = PBXFileReference; lastKnownFileType = sourcecode.swift; path = Classification.swift; sourceTree = "<group>"; };
		7EDC07F12504FDE000058033 /* NewClassificationController.swift */ = {isa = PBXFileReference; lastKnownFileType = sourcecode.swift; path = NewClassificationController.swift; sourceTree = "<group>"; };
		7EDC07F32505076F00058033 /* ImagePickeriOS13.swift */ = {isa = PBXFileReference; lastKnownFileType = sourcecode.swift; path = ImagePickeriOS13.swift; sourceTree = "<group>"; };
		7EDC07F5250533F200058033 /* ImageToClassifyPlaceholder.swift */ = {isa = PBXFileReference; lastKnownFileType = sourcecode.swift; path = ImageToClassifyPlaceholder.swift; sourceTree = "<group>"; };
		A0CC37C55669069ACF345C07 /* Pods-Lepidoptera.debug.xcconfig */ = {isa = PBXFileReference; includeInIndex = 1; lastKnownFileType = text.xcconfig; name = "Pods-Lepidoptera.debug.xcconfig"; path = "Target Support Files/Pods-Lepidoptera/Pods-Lepidoptera.debug.xcconfig"; sourceTree = "<group>"; };
		CF16BDE725276C2C004E9D9D /* ShareSheet.swift */ = {isa = PBXFileReference; lastKnownFileType = sourcecode.swift; path = ShareSheet.swift; sourceTree = "<group>"; };
		CF9892D0252205EF003BF22C /* Settings.swift */ = {isa = PBXFileReference; lastKnownFileType = sourcecode.swift; path = Settings.swift; sourceTree = "<group>"; };
		CFA1D630251F9DE00066064C /* ImagePicker_iOS14.swift */ = {isa = PBXFileReference; lastKnownFileType = sourcecode.swift; path = ImagePicker_iOS14.swift; sourceTree = "<group>"; };
		CFC50E5B252A23B100217E68 /* CoreDataModel.xcdatamodel */ = {isa = PBXFileReference; lastKnownFileType = wrapper.xcdatamodel; path = CoreDataModel.xcdatamodel; sourceTree = "<group>"; };
		CFC7289A252129AE0047631D /* LimitedLibraryPicker.swift */ = {isa = PBXFileReference; lastKnownFileType = sourcecode.swift; path = LimitedLibraryPicker.swift; sourceTree = "<group>"; };
		CFC728AD2521F9350047631D /* UserLocation.swift */ = {isa = PBXFileReference; lastKnownFileType = sourcecode.swift; path = UserLocation.swift; sourceTree = "<group>"; };
		CFD122062526279900895E47 /* SendEmailSheet.swift */ = {isa = PBXFileReference; lastKnownFileType = sourcecode.swift; path = SendEmailSheet.swift; sourceTree = "<group>"; };
		CFE5673825251A9100C9D341 /* PrivacyPolicyScreen.swift */ = {isa = PBXFileReference; lastKnownFileType = sourcecode.swift; path = PrivacyPolicyScreen.swift; sourceTree = "<group>"; };
/* End PBXFileReference section */

/* Begin PBXFrameworksBuildPhase section */
		7EACEF3024E6C41E00D9715A /* Frameworks */ = {
			isa = PBXFrameworksBuildPhase;
			buildActionMask = 2147483647;
			files = (
				D842820BDAF07B742513D5DF /* Pods_Lepidoptera.framework in Frameworks */,
			);
			runOnlyForDeploymentPostprocessing = 0;
		};
/* End PBXFrameworksBuildPhase section */

/* Begin PBXGroup section */
		14B3E7F36D77E21B02B1AE42 /* Pods */ = {
			isa = PBXGroup;
			children = (
				A0CC37C55669069ACF345C07 /* Pods-Lepidoptera.debug.xcconfig */,
				4153244D043E2EB76FBF4703 /* Pods-Lepidoptera.release.xcconfig */,
			);
			path = Pods;
			sourceTree = "<group>";
		};
		1FE312F87079FAD09C6CB2D3 /* Frameworks */ = {
			isa = PBXGroup;
			children = (
				52382BDB4870F4E9916FD45F /* Pods_Lepidoptera.framework */,
			);
			name = Frameworks;
			sourceTree = "<group>";
		};
		7EACEF2A24E6C41E00D9715A = {
			isa = PBXGroup;
			children = (
				7EACEF3524E6C41E00D9715A /* Lepidoptera */,
				7EACEF3424E6C41E00D9715A /* Products */,
				14B3E7F36D77E21B02B1AE42 /* Pods */,
				1FE312F87079FAD09C6CB2D3 /* Frameworks */,
			);
			sourceTree = "<group>";
		};
		7EACEF3424E6C41E00D9715A /* Products */ = {
			isa = PBXGroup;
			children = (
				7EACEF3324E6C41E00D9715A /* Lepidoptera.app */,
			);
			name = Products;
			sourceTree = "<group>";
		};
		7EACEF3524E6C41E00D9715A /* Lepidoptera */ = {
			isa = PBXGroup;
			children = (
				CFC728A12521F4530047631D /* Screens */,
				7EDB974625114CB300211118 /* ML Model */,
				7EACEF6024E6FA7D00D9715A /* Other Files */,
				7EACEF5924E6F93F00D9715A /* Images */,
				7EACEF5224E6E5CD00D9715A /* Auxiliary Views */,
				7EACEF3624E6C41E00D9715A /* AppDelegate.swift */,
				7EACEF3824E6C41E00D9715A /* SceneDelegate.swift */,
				7EACEF3A24E6C41E00D9715A /* AppView.swift */,
				7EACEF3C24E6C42200D9715A /* Assets.xcassets */,
				7EACEF4124E6C42200D9715A /* LaunchScreen.storyboard */,
				7EACEF4424E6C42200D9715A /* Info.plist */,
				7EACEF3E24E6C42200D9715A /* Preview Content */,
				7EACEF4A24E6C46000D9715A /* Observation.swift */,
				7EACEF4C24E6C59500D9715A /* ObservationRecords.swift */,
				CFC50E5A252A23B100217E68 /* CoreDataModel.xcdatamodeld */,
			);
			path = Lepidoptera;
			sourceTree = "<group>";
		};
		7EACEF3E24E6C42200D9715A /* Preview Content */ = {
			isa = PBXGroup;
			children = (
				7EACEF3F24E6C42200D9715A /* Preview Assets.xcassets */,
			);
			path = "Preview Content";
			sourceTree = "<group>";
		};
		7EACEF5224E6E5CD00D9715A /* Auxiliary Views */ = {
			isa = PBXGroup;
			children = (
				CFC7289A252129AE0047631D /* LimitedLibraryPicker.swift */,
				CF16BDE725276C2C004E9D9D /* ShareSheet.swift */,
			);
			path = "Auxiliary Views";
			sourceTree = "<group>";
		};
		7EACEF5924E6F93F00D9715A /* Images */ = {
			isa = PBXGroup;
			children = (
				7EACEF5A24E6F95F00D9715A /* aglais_io.jpg */,
				7EACEF5C24E6F9DB00D9715A /* vanessa_atalanta.jpg */,
				7EACEF5E24E6FA1500D9715A /* pieris_napi.jpg */,
			);
			path = Images;
			sourceTree = "<group>";
		};
		7EACEF6024E6FA7D00D9715A /* Other Files */ = {
			isa = PBXGroup;
			children = (
				7EACEF5724E6F70F00D9715A /* mockData.json */,
				7EACEF6124E707DC00D9715A /* Data.swift */,
				CFC728AD2521F9350047631D /* UserLocation.swift */,
			);
			path = "Other Files";
			sourceTree = "<group>";
		};
		7EDB974625114CB300211118 /* ML Model */ = {
			isa = PBXGroup;
			children = (
				7EDB974B25114F2F00211118 /* Classification.swift */,
				7E483EC02515692800FF8B6F /* dict.txt */,
				7E483EC12515692800FF8B6F /* model.tflite */,
				7E8B589A2517B8AE00D158F7 /* genero.tflite */,
				7E8B589B2517B8AF00D158F7 /* generodict.txt */,
				7E8B589325178D2E00D158F7 /* ModelInference.swift */,
			);
			path = "ML Model";
			sourceTree = "<group>";
		};
		CFC728A12521F4530047631D /* Screens */ = {
			isa = PBXGroup;
			children = (
				CFC728A22521F47E0047631D /* Classify */,
				CFC728A32521F48A0047631D /* Observations */,
				CFC728A42521F49B0047631D /* Settings */,
			);
			path = Screens;
			sourceTree = "<group>";
		};
		CFC728A22521F47E0047631D /* Classify */ = {
			isa = PBXGroup;
			children = (
				CFC728AA2521F7320047631D /* Input Image Sheet */,
				7EACEF4E24E6D02800D9715A /* ClassificationView.swift */,
				7EDC07F12504FDE000058033 /* NewClassificationController.swift */,
				7EC9DD9B24FD7B14005F110A /* RectangleButton.swift */,
			);
			path = Classify;
			sourceTree = "<group>";
		};
		CFC728A32521F48A0047631D /* Observations */ = {
			isa = PBXGroup;
			children = (
				CFC728A72521F6250047631D /* ObservationDetails */,
				CFC728A62521F5FE0047631D /* Details Sheet */,
				7E3405FF24F5A50A00BE3AA3 /* RecordsListView.swift */,
			);
			path = Observations;
			sourceTree = "<group>";
		};
		CFC728A42521F49B0047631D /* Settings */ = {
			isa = PBXGroup;
			children = (
				CF9892D0252205EF003BF22C /* Settings.swift */,
				CFE5673825251A9100C9D341 /* PrivacyPolicyScreen.swift */,
				CFD122062526279900895E47 /* SendEmailSheet.swift */,
			);
			path = Settings;
			sourceTree = "<group>";
		};
		CFC728A62521F5FE0047631D /* Details Sheet */ = {
			isa = PBXGroup;
			children = (
				7EACEF6F24E9A4DE00D9715A /* DetailField.swift */,
				7EACEF6B24E956FA00D9715A /* DetailsSheet.swift */,
			);
			path = "Details Sheet";
			sourceTree = "<group>";
		};
		CFC728A72521F6250047631D /* ObservationDetails */ = {
			isa = PBXGroup;
			children = (
				CFC728A92521F6D60047631D /* Observation Result */,
				CFC728A82521F69F0047631D /* Observation Note */,
			);
			path = ObservationDetails;
			sourceTree = "<group>";
		};
		CFC728A82521F69F0047631D /* Observation Note */ = {
			isa = PBXGroup;
			children = (
				7EACEF6D24E99D2C00D9715A /* ObservationNoteSheet.swift */,
				7E3405FD24F5690A00BE3AA3 /* MultilineTextField.swift */,
			);
			path = "Observation Note";
			sourceTree = "<group>";
		};
		CFC728A92521F6D60047631D /* Observation Result */ = {
			isa = PBXGroup;
			children = (
				7EACEF5324E6E61B00D9715A /* ObservationDetails.swift */,
				7EACEF6324E88EAF00D9715A /* ConfidenceCircleResults.swift */,
				7EACEF6524E94C4F00D9715A /* ObservationImage.swift */,
				7EACEF6724E94CD500D9715A /* ObservationActionButtons.swift */,
				7EACEF6924E94F4500D9715A /* MapView.swift */,
			);
			path = "Observation Result";
			sourceTree = "<group>";
		};
		CFC728AA2521F7320047631D /* Input Image Sheet */ = {
			isa = PBXGroup;
			children = (
				7EDB974425114A1B00211118 /* SheetImagePicker.swift */,
				7EDC07F32505076F00058033 /* ImagePickeriOS13.swift */,
				7EDC07F5250533F200058033 /* ImageToClassifyPlaceholder.swift */,
				CFA1D630251F9DE00066064C /* ImagePicker_iOS14.swift */,
			);
			path = "Input Image Sheet";
			sourceTree = "<group>";
		};
/* End PBXGroup section */

/* Begin PBXNativeTarget section */
		7EACEF3224E6C41E00D9715A /* Lepidoptera */ = {
			isa = PBXNativeTarget;
			buildConfigurationList = 7EACEF4724E6C42200D9715A /* Build configuration list for PBXNativeTarget "Lepidoptera" */;
			buildPhases = (
				30F4FAC624D47DF80312C122 /* [CP] Check Pods Manifest.lock */,
				7EACEF2F24E6C41E00D9715A /* Sources */,
				7EACEF3024E6C41E00D9715A /* Frameworks */,
				7EACEF3124E6C41E00D9715A /* Resources */,
				B4C8527CC08E15478DFE7520 /* [CP] Embed Pods Frameworks */,
				FBCF78FD603E3BF0019C8CF2 /* [CP] Copy Pods Resources */,
			);
			buildRules = (
			);
			dependencies = (
			);
			name = Lepidoptera;
			productName = Lepidoptera;
			productReference = 7EACEF3324E6C41E00D9715A /* Lepidoptera.app */;
			productType = "com.apple.product-type.application";
		};
/* End PBXNativeTarget section */

/* Begin PBXProject section */
		7EACEF2B24E6C41E00D9715A /* Project object */ = {
			isa = PBXProject;
			attributes = {
				LastSwiftUpdateCheck = 1160;
				LastUpgradeCheck = 1200;
				ORGANIZATIONNAME = "Tomás Santiago";
				TargetAttributes = {
					7EACEF3224E6C41E00D9715A = {
						CreatedOnToolsVersion = 11.6;
					};
				};
			};
			buildConfigurationList = 7EACEF2E24E6C41E00D9715A /* Build configuration list for PBXProject "Lepidoptera" */;
			compatibilityVersion = "Xcode 9.3";
			developmentRegion = en;
			hasScannedForEncodings = 0;
			knownRegions = (
				en,
				Base,
			);
			mainGroup = 7EACEF2A24E6C41E00D9715A;
			productRefGroup = 7EACEF3424E6C41E00D9715A /* Products */;
			projectDirPath = "";
			projectRoot = "";
			targets = (
				7EACEF3224E6C41E00D9715A /* Lepidoptera */,
			);
		};
/* End PBXProject section */

/* Begin PBXResourcesBuildPhase section */
		7EACEF3124E6C41E00D9715A /* Resources */ = {
			isa = PBXResourcesBuildPhase;
			buildActionMask = 2147483647;
			files = (
				7EACEF4324E6C42200D9715A /* LaunchScreen.storyboard in Resources */,
				7EACEF5B24E6F95F00D9715A /* aglais_io.jpg in Resources */,
				7E8B589C2517B8AF00D158F7 /* genero.tflite in Resources */,
				7EACEF5824E6F70F00D9715A /* mockData.json in Resources */,
				7E8B589D2517B8AF00D158F7 /* generodict.txt in Resources */,
				7EACEF5D24E6F9DB00D9715A /* vanessa_atalanta.jpg in Resources */,
				7E483EC32515692800FF8B6F /* model.tflite in Resources */,
				7EACEF4024E6C42200D9715A /* Preview Assets.xcassets in Resources */,
				7EACEF5F24E6FA1500D9715A /* pieris_napi.jpg in Resources */,
				7E483EC22515692800FF8B6F /* dict.txt in Resources */,
				7EACEF3D24E6C42200D9715A /* Assets.xcassets in Resources */,
			);
			runOnlyForDeploymentPostprocessing = 0;
		};
/* End PBXResourcesBuildPhase section */

/* Begin PBXShellScriptBuildPhase section */
		30F4FAC624D47DF80312C122 /* [CP] Check Pods Manifest.lock */ = {
			isa = PBXShellScriptBuildPhase;
			buildActionMask = 2147483647;
			files = (
			);
			inputFileListPaths = (
			);
			inputPaths = (
				"${PODS_PODFILE_DIR_PATH}/Podfile.lock",
				"${PODS_ROOT}/Manifest.lock",
			);
			name = "[CP] Check Pods Manifest.lock";
			outputFileListPaths = (
			);
			outputPaths = (
				"$(DERIVED_FILE_DIR)/Pods-Lepidoptera-checkManifestLockResult.txt",
			);
			runOnlyForDeploymentPostprocessing = 0;
			shellPath = /bin/sh;
			shellScript = "diff \"${PODS_PODFILE_DIR_PATH}/Podfile.lock\" \"${PODS_ROOT}/Manifest.lock\" > /dev/null\nif [ $? != 0 ] ; then\n    # print error to STDERR\n    echo \"error: The sandbox is not in sync with the Podfile.lock. Run 'pod install' or update your CocoaPods installation.\" >&2\n    exit 1\nfi\n# This output is used by Xcode 'outputs' to avoid re-running this script phase.\necho \"SUCCESS\" > \"${SCRIPT_OUTPUT_FILE_0}\"\n";
			showEnvVarsInLog = 0;
		};
		B4C8527CC08E15478DFE7520 /* [CP] Embed Pods Frameworks */ = {
			isa = PBXShellScriptBuildPhase;
			buildActionMask = 2147483647;
			files = (
			);
			inputFileListPaths = (
				"${PODS_ROOT}/Target Support Files/Pods-Lepidoptera/Pods-Lepidoptera-frameworks-${CONFIGURATION}-input-files.xcfilelist",
			);
			name = "[CP] Embed Pods Frameworks";
			outputFileListPaths = (
				"${PODS_ROOT}/Target Support Files/Pods-Lepidoptera/Pods-Lepidoptera-frameworks-${CONFIGURATION}-output-files.xcfilelist",
			);
			runOnlyForDeploymentPostprocessing = 0;
			shellPath = /bin/sh;
			shellScript = "\"${PODS_ROOT}/Target Support Files/Pods-Lepidoptera/Pods-Lepidoptera-frameworks.sh\"\n";
			showEnvVarsInLog = 0;
		};
		FBCF78FD603E3BF0019C8CF2 /* [CP] Copy Pods Resources */ = {
			isa = PBXShellScriptBuildPhase;
			buildActionMask = 2147483647;
			files = (
			);
			inputFileListPaths = (
				"${PODS_ROOT}/Target Support Files/Pods-Lepidoptera/Pods-Lepidoptera-resources-${CONFIGURATION}-input-files.xcfilelist",
			);
			name = "[CP] Copy Pods Resources";
			outputFileListPaths = (
				"${PODS_ROOT}/Target Support Files/Pods-Lepidoptera/Pods-Lepidoptera-resources-${CONFIGURATION}-output-files.xcfilelist",
			);
			runOnlyForDeploymentPostprocessing = 0;
			shellPath = /bin/sh;
			shellScript = "\"${PODS_ROOT}/Target Support Files/Pods-Lepidoptera/Pods-Lepidoptera-resources.sh\"\n";
			showEnvVarsInLog = 0;
		};
/* End PBXShellScriptBuildPhase section */

/* Begin PBXSourcesBuildPhase section */
		7EACEF2F24E6C41E00D9715A /* Sources */ = {
			isa = PBXSourcesBuildPhase;
			buildActionMask = 2147483647;
			files = (
				7EACEF4B24E6C46000D9715A /* Observation.swift in Sources */,
				7EACEF6A24E94F4500D9715A /* MapView.swift in Sources */,
				CF16BDE825276C2C004E9D9D /* ShareSheet.swift in Sources */,
				7EACEF6824E94CD500D9715A /* ObservationActionButtons.swift in Sources */,
				7EACEF3724E6C41E00D9715A /* AppDelegate.swift in Sources */,
				CF9892D1252205EF003BF22C /* Settings.swift in Sources */,
				CFC50E5C252A23B100217E68 /* CoreDataModel.xcdatamodeld in Sources */,
				7EDC07F42505076F00058033 /* ImagePickeriOS13.swift in Sources */,
				7EDC07F6250533F200058033 /* ImageToClassifyPlaceholder.swift in Sources */,
				7EACEF5424E6E61B00D9715A /* ObservationDetails.swift in Sources */,
				7EACEF6624E94C4F00D9715A /* ObservationImage.swift in Sources */,
				CFE5673925251A9100C9D341 /* PrivacyPolicyScreen.swift in Sources */,
				7EACEF6E24E99D2C00D9715A /* ObservationNoteSheet.swift in Sources */,
				7E34060024F5A50A00BE3AA3 /* RecordsListView.swift in Sources */,
				CFC7289B252129AE0047631D /* LimitedLibraryPicker.swift in Sources */,
				7EACEF3924E6C41E00D9715A /* SceneDelegate.swift in Sources */,
				7EACEF4D24E6C59500D9715A /* ObservationRecords.swift in Sources */,
				7EACEF7024E9A4DE00D9715A /* DetailField.swift in Sources */,
				CFA1D631251F9DE00066064C /* ImagePicker_iOS14.swift in Sources */,
				7EDB974525114A1B00211118 /* SheetImagePicker.swift in Sources */,
				7EACEF4F24E6D02800D9715A /* ClassificationView.swift in Sources */,
				7EACEF6224E707DC00D9715A /* Data.swift in Sources */,
				7E8B589425178D2E00D158F7 /* ModelInference.swift in Sources */,
				7EC9DD9C24FD7B14005F110A /* RectangleButton.swift in Sources */,
				CFD122072526279900895E47 /* SendEmailSheet.swift in Sources */,
				7EACEF6424E88EAF00D9715A /* ConfidenceCircleResults.swift in Sources */,
				CFC728AE2521F9350047631D /* UserLocation.swift in Sources */,
				7EACEF3B24E6C41E00D9715A /* AppView.swift in Sources */,
				7EDB974C25114F2F00211118 /* Classification.swift in Sources */,
				7EDC07F22504FDE000058033 /* NewClassificationController.swift in Sources */,
				7EACEF6C24E956FA00D9715A /* DetailsSheet.swift in Sources */,
				7E3405FE24F5690A00BE3AA3 /* MultilineTextField.swift in Sources */,
			);
			runOnlyForDeploymentPostprocessing = 0;
		};
/* End PBXSourcesBuildPhase section */

/* Begin PBXVariantGroup section */
		7EACEF4124E6C42200D9715A /* LaunchScreen.storyboard */ = {
			isa = PBXVariantGroup;
			children = (
				7EACEF4224E6C42200D9715A /* Base */,
			);
			name = LaunchScreen.storyboard;
			sourceTree = "<group>";
		};
/* End PBXVariantGroup section */

/* Begin XCBuildConfiguration section */
		7EACEF4524E6C42200D9715A /* Debug */ = {
			isa = XCBuildConfiguration;
			buildSettings = {
				ALWAYS_SEARCH_USER_PATHS = NO;
				CLANG_ANALYZER_NONNULL = YES;
				CLANG_ANALYZER_NUMBER_OBJECT_CONVERSION = YES_AGGRESSIVE;
				CLANG_CXX_LANGUAGE_STANDARD = "gnu++14";
				CLANG_CXX_LIBRARY = "libc++";
				CLANG_ENABLE_MODULES = YES;
				CLANG_ENABLE_OBJC_ARC = YES;
				CLANG_ENABLE_OBJC_WEAK = YES;
				CLANG_WARN_BLOCK_CAPTURE_AUTORELEASING = YES;
				CLANG_WARN_BOOL_CONVERSION = YES;
				CLANG_WARN_COMMA = YES;
				CLANG_WARN_CONSTANT_CONVERSION = YES;
				CLANG_WARN_DEPRECATED_OBJC_IMPLEMENTATIONS = YES;
				CLANG_WARN_DIRECT_OBJC_ISA_USAGE = YES_ERROR;
				CLANG_WARN_DOCUMENTATION_COMMENTS = YES;
				CLANG_WARN_EMPTY_BODY = YES;
				CLANG_WARN_ENUM_CONVERSION = YES;
				CLANG_WARN_INFINITE_RECURSION = YES;
				CLANG_WARN_INT_CONVERSION = YES;
				CLANG_WARN_NON_LITERAL_NULL_CONVERSION = YES;
				CLANG_WARN_OBJC_IMPLICIT_RETAIN_SELF = YES;
				CLANG_WARN_OBJC_LITERAL_CONVERSION = YES;
				CLANG_WARN_OBJC_ROOT_CLASS = YES_ERROR;
				CLANG_WARN_QUOTED_INCLUDE_IN_FRAMEWORK_HEADER = YES;
				CLANG_WARN_RANGE_LOOP_ANALYSIS = YES;
				CLANG_WARN_STRICT_PROTOTYPES = YES;
				CLANG_WARN_SUSPICIOUS_MOVE = YES;
				CLANG_WARN_UNGUARDED_AVAILABILITY = YES_AGGRESSIVE;
				CLANG_WARN_UNREACHABLE_CODE = YES;
				CLANG_WARN__DUPLICATE_METHOD_MATCH = YES;
				COPY_PHASE_STRIP = NO;
				DEBUG_INFORMATION_FORMAT = dwarf;
				ENABLE_STRICT_OBJC_MSGSEND = YES;
				ENABLE_TESTABILITY = YES;
				GCC_C_LANGUAGE_STANDARD = gnu11;
				GCC_DYNAMIC_NO_PIC = NO;
				GCC_NO_COMMON_BLOCKS = YES;
				GCC_OPTIMIZATION_LEVEL = 0;
				GCC_PREPROCESSOR_DEFINITIONS = (
					"DEBUG=1",
					"$(inherited)",
				);
				GCC_WARN_64_TO_32_BIT_CONVERSION = YES;
				GCC_WARN_ABOUT_RETURN_TYPE = YES_ERROR;
				GCC_WARN_UNDECLARED_SELECTOR = YES;
				GCC_WARN_UNINITIALIZED_AUTOS = YES_AGGRESSIVE;
				GCC_WARN_UNUSED_FUNCTION = YES;
				GCC_WARN_UNUSED_VARIABLE = YES;
				IPHONEOS_DEPLOYMENT_TARGET = 14.0;
				MTL_ENABLE_DEBUG_INFO = INCLUDE_SOURCE;
				MTL_FAST_MATH = YES;
				ONLY_ACTIVE_ARCH = YES;
				SDKROOT = iphoneos;
				SWIFT_ACTIVE_COMPILATION_CONDITIONS = DEBUG;
				SWIFT_OPTIMIZATION_LEVEL = "-Onone";
			};
			name = Debug;
		};
		7EACEF4624E6C42200D9715A /* Release */ = {
			isa = XCBuildConfiguration;
			buildSettings = {
				ALWAYS_SEARCH_USER_PATHS = NO;
				CLANG_ANALYZER_NONNULL = YES;
				CLANG_ANALYZER_NUMBER_OBJECT_CONVERSION = YES_AGGRESSIVE;
				CLANG_CXX_LANGUAGE_STANDARD = "gnu++14";
				CLANG_CXX_LIBRARY = "libc++";
				CLANG_ENABLE_MODULES = YES;
				CLANG_ENABLE_OBJC_ARC = YES;
				CLANG_ENABLE_OBJC_WEAK = YES;
				CLANG_WARN_BLOCK_CAPTURE_AUTORELEASING = YES;
				CLANG_WARN_BOOL_CONVERSION = YES;
				CLANG_WARN_COMMA = YES;
				CLANG_WARN_CONSTANT_CONVERSION = YES;
				CLANG_WARN_DEPRECATED_OBJC_IMPLEMENTATIONS = YES;
				CLANG_WARN_DIRECT_OBJC_ISA_USAGE = YES_ERROR;
				CLANG_WARN_DOCUMENTATION_COMMENTS = YES;
				CLANG_WARN_EMPTY_BODY = YES;
				CLANG_WARN_ENUM_CONVERSION = YES;
				CLANG_WARN_INFINITE_RECURSION = YES;
				CLANG_WARN_INT_CONVERSION = YES;
				CLANG_WARN_NON_LITERAL_NULL_CONVERSION = YES;
				CLANG_WARN_OBJC_IMPLICIT_RETAIN_SELF = YES;
				CLANG_WARN_OBJC_LITERAL_CONVERSION = YES;
				CLANG_WARN_OBJC_ROOT_CLASS = YES_ERROR;
				CLANG_WARN_QUOTED_INCLUDE_IN_FRAMEWORK_HEADER = YES;
				CLANG_WARN_RANGE_LOOP_ANALYSIS = YES;
				CLANG_WARN_STRICT_PROTOTYPES = YES;
				CLANG_WARN_SUSPICIOUS_MOVE = YES;
				CLANG_WARN_UNGUARDED_AVAILABILITY = YES_AGGRESSIVE;
				CLANG_WARN_UNREACHABLE_CODE = YES;
				CLANG_WARN__DUPLICATE_METHOD_MATCH = YES;
				COPY_PHASE_STRIP = NO;
				DEBUG_INFORMATION_FORMAT = "dwarf-with-dsym";
				ENABLE_NS_ASSERTIONS = NO;
				ENABLE_STRICT_OBJC_MSGSEND = YES;
				GCC_C_LANGUAGE_STANDARD = gnu11;
				GCC_NO_COMMON_BLOCKS = YES;
				GCC_WARN_64_TO_32_BIT_CONVERSION = YES;
				GCC_WARN_ABOUT_RETURN_TYPE = YES_ERROR;
				GCC_WARN_UNDECLARED_SELECTOR = YES;
				GCC_WARN_UNINITIALIZED_AUTOS = YES_AGGRESSIVE;
				GCC_WARN_UNUSED_FUNCTION = YES;
				GCC_WARN_UNUSED_VARIABLE = YES;
				IPHONEOS_DEPLOYMENT_TARGET = 14.0;
				MTL_ENABLE_DEBUG_INFO = NO;
				MTL_FAST_MATH = YES;
				SDKROOT = iphoneos;
				SWIFT_COMPILATION_MODE = wholemodule;
				SWIFT_OPTIMIZATION_LEVEL = "-O";
				VALIDATE_PRODUCT = YES;
			};
			name = Release;
		};
		7EACEF4824E6C42200D9715A /* Debug */ = {
			isa = XCBuildConfiguration;
			baseConfigurationReference = A0CC37C55669069ACF345C07 /* Pods-Lepidoptera.debug.xcconfig */;
			buildSettings = {
				ASSETCATALOG_COMPILER_APPICON_NAME = AppIcon;
				CODE_SIGN_STYLE = Automatic;
				DEVELOPMENT_ASSET_PATHS = "\"Lepidoptera/Preview Content\"";
				DEVELOPMENT_TEAM = Y4642869FB;
				ENABLE_PREVIEWS = YES;
				INFOPLIST_FILE = Lepidoptera/Info.plist;
				IPHONEOS_DEPLOYMENT_TARGET = 14.0;
				LD_RUNPATH_SEARCH_PATHS = (
					"$(inherited)",
					"@executable_path/Frameworks",
				);
				PRODUCT_BUNDLE_IDENTIFIER = up.fc.cs.tsmamede.Lepidoptera;
				PRODUCT_NAME = "$(TARGET_NAME)";
				SWIFT_VERSION = 5.0;
				TARGETED_DEVICE_FAMILY = "1,2";
			};
			name = Debug;
		};
		7EACEF4924E6C42200D9715A /* Release */ = {
			isa = XCBuildConfiguration;
			baseConfigurationReference = 4153244D043E2EB76FBF4703 /* Pods-Lepidoptera.release.xcconfig */;
			buildSettings = {
				ASSETCATALOG_COMPILER_APPICON_NAME = AppIcon;
				CODE_SIGN_STYLE = Automatic;
				DEVELOPMENT_ASSET_PATHS = "\"Lepidoptera/Preview Content\"";
				DEVELOPMENT_TEAM = Y4642869FB;
				ENABLE_PREVIEWS = YES;
				INFOPLIST_FILE = Lepidoptera/Info.plist;
				IPHONEOS_DEPLOYMENT_TARGET = 14.0;
				LD_RUNPATH_SEARCH_PATHS = (
					"$(inherited)",
					"@executable_path/Frameworks",
				);
				PRODUCT_BUNDLE_IDENTIFIER = up.fc.cs.tsmamede.Lepidoptera;
				PRODUCT_NAME = "$(TARGET_NAME)";
				SWIFT_VERSION = 5.0;
				TARGETED_DEVICE_FAMILY = "1,2";
			};
			name = Release;
		};
/* End XCBuildConfiguration section */

/* Begin XCConfigurationList section */
		7EACEF2E24E6C41E00D9715A /* Build configuration list for PBXProject "Lepidoptera" */ = {
			isa = XCConfigurationList;
			buildConfigurations = (
				7EACEF4524E6C42200D9715A /* Debug */,
				7EACEF4624E6C42200D9715A /* Release */,
			);
			defaultConfigurationIsVisible = 0;
			defaultConfigurationName = Release;
		};
		7EACEF4724E6C42200D9715A /* Build configuration list for PBXNativeTarget "Lepidoptera" */ = {
			isa = XCConfigurationList;
			buildConfigurations = (
				7EACEF4824E6C42200D9715A /* Debug */,
				7EACEF4924E6C42200D9715A /* Release */,
			);
			defaultConfigurationIsVisible = 0;
			defaultConfigurationName = Release;
		};
/* End XCConfigurationList section */

/* Begin XCVersionGroup section */
		CFC50E5A252A23B100217E68 /* CoreDataModel.xcdatamodeld */ = {
			isa = XCVersionGroup;
			children = (
				CFC50E5B252A23B100217E68 /* CoreDataModel.xcdatamodel */,
			);
			currentVersion = CFC50E5B252A23B100217E68 /* CoreDataModel.xcdatamodel */;
			path = CoreDataModel.xcdatamodeld;
			sourceTree = "<group>";
			versionGroupType = wrapper.xcdatamodel;
		};
/* End XCVersionGroup section */
	};
	rootObject = 7EACEF2B24E6C41E00D9715A /* Project object */;
}
